
Microsoft Visual Studio Solution File, Format Version 12.00
# Visual Studio Version 17
VisualStudioVersion = 17.7.34018.315
MinimumVisualStudioVersion = 10.0.40219.1
Project("{9A19103F-16F7-4668-BE54-9A1E7A4F7556}") = "Gonzalez.Castello.Thiago.Parcial", "Gonzalez.Castello.Thiago.Parcial\Gonzalez.Castello.Thiago.Parcial.csproj", "{239510BD-8291-4932-B73A-492A2436F6D3}"
EndProject
Project("{FAE04EC0-301F-11D3-BF4B-00C04F79EFBC}") = "Entidades", "Entidades\Entidades.csproj", "{6048B2FA-5B13-429C-9F3F-4950E03F278A}"
EndProject
Project("{FAE04EC0-301F-11D3-BF4B-00C04F79EFBC}") = "BibliotecaMetodos", "ClasesMetodos\BibliotecaMetodos.csproj", "{D0DA900E-3B42-4917-AD66-3B2E06530BC7}"
EndProject
Global
	GlobalSection(SolutionConfigurationPlatforms) = preSolution
		Debug|Any CPU = Debug|Any CPU
		Release|Any CPU = Release|Any CPU
	EndGlobalSection
	GlobalSection(ProjectConfigurationPlatforms) = postSolution
		{239510BD-8291-4932-B73A-492A2436F6D3}.Debug|Any CPU.ActiveCfg = Debug|Any CPU
		{239510BD-8291-4932-B73A-492A2436F6D3}.Debug|Any CPU.Build.0 = Debug|Any CPU
		{239510BD-8291-4932-B73A-492A2436F6D3}.Release|Any CPU.ActiveCfg = Release|Any CPU
		{239510BD-8291-4932-B73A-492A2436F6D3}.Release|Any CPU.Build.0 = Release|Any CPU
		{6048B2FA-5B13-429C-9F3F-4950E03F278A}.Debug|Any CPU.ActiveCfg = Debug|Any CPU
		{6048B2FA-5B13-429C-9F3F-4950E03F278A}.Debug|Any CPU.Build.0 = Debug|Any CPU
		{6048B2FA-5B13-429C-9F3F-4950E03F278A}.Release|Any CPU.ActiveCfg = Release|Any CPU
		{6048B2FA-5B13-429C-9F3F-4950E03F278A}.Release|Any CPU.Build.0 = Release|Any CPU
		{D0DA900E-3B42-4917-AD66-3B2E06530BC7}.Debug|Any CPU.ActiveCfg = Debug|Any CPU
		{D0DA900E-3B42-4917-AD66-3B2E06530BC7}.Debug|Any CPU.Build.0 = Debug|Any CPU
		{D0DA900E-3B42-4917-AD66-3B2E06530BC7}.Release|Any CPU.ActiveCfg = Release|Any CPU
		{D0DA900E-3B42-4917-AD66-3B2E06530BC7}.Release|Any CPU.Build.0 = Release|Any CPU
	EndGlobalSection
	GlobalSection(SolutionProperties) = preSolution
		HideSolutionNode = FALSE
	EndGlobalSection
	GlobalSection(ExtensibilityGlobals) = postSolution
		SolutionGuid = {EEF75A8A-34F0-49A9-96AA-6D5D71AD66CB}
	EndGlobalSection
EndGlobal
