
Microsoft Visual Studio Solution File, Format Version 12.00
# Visual Studio Version 17
VisualStudioVersion = 17.7.34018.315
MinimumVisualStudioVersion = 10.0.40219.1
Project("{9A19103F-16F7-4668-BE54-9A1E7A4F7556}") = "Gonzalez.Castello.Thiago.Parcial", "Gonzalez.Castello.Thiago.Parcial\Gonzalez.Castello.Thiago.Parcial.csproj", "{2F894769-5DE5-46AA-AF04-677E93867D2D}"
EndProject
Project("{FAE04EC0-301F-11D3-BF4B-00C04F79EFBC}") = "Entidades", "Entidades\Entidades.csproj", "{53FC3406-7659-41CF-A378-4A3B1490AD4F}"
EndProject
Global
	GlobalSection(SolutionConfigurationPlatforms) = preSolution
		Debug|Any CPU = Debug|Any CPU
		Release|Any CPU = Release|Any CPU
	EndGlobalSection
	GlobalSection(ProjectConfigurationPlatforms) = postSolution
		{2F894769-5DE5-46AA-AF04-677E93867D2D}.Debug|Any CPU.ActiveCfg = Debug|Any CPU
		{2F894769-5DE5-46AA-AF04-677E93867D2D}.Debug|Any CPU.Build.0 = Debug|Any CPU
		{2F894769-5DE5-46AA-AF04-677E93867D2D}.Release|Any CPU.ActiveCfg = Release|Any CPU
		{2F894769-5DE5-46AA-AF04-677E93867D2D}.Release|Any CPU.Build.0 = Release|Any CPU
		{53FC3406-7659-41CF-A378-4A3B1490AD4F}.Debug|Any CPU.ActiveCfg = Debug|Any CPU
		{53FC3406-7659-41CF-A378-4A3B1490AD4F}.Debug|Any CPU.Build.0 = Debug|Any CPU
		{53FC3406-7659-41CF-A378-4A3B1490AD4F}.Release|Any CPU.ActiveCfg = Release|Any CPU
		{53FC3406-7659-41CF-A378-4A3B1490AD4F}.Release|Any CPU.Build.0 = Release|Any CPU
	EndGlobalSection
	GlobalSection(SolutionProperties) = preSolution
		HideSolutionNode = FALSE
	EndGlobalSection
	GlobalSection(ExtensibilityGlobals) = postSolution
		SolutionGuid = {615A9C4C-CED7-460E-93A1-3F1B6EE4CC1E}
	EndGlobalSection
EndGlobal
