
Microsoft Visual Studio Solution File, Format Version 12.00
# Visual Studio Version 17
VisualStudioVersion = 17.7.34018.315
MinimumVisualStudioVersion = 10.0.40219.1
Project("{FAE04EC0-301F-11D3-BF4B-00C04F79EFBC}") = "Vista", "Vista\Vista.csproj", "{932548D5-B241-4E43-9F87-D2A745CF0DFA}"
EndProject
Project("{FAE04EC0-301F-11D3-BF4B-00C04F79EFBC}") = "Entidades", "Clases\Entidades.csproj", "{F7984C6F-EA9D-4F5E-BDF3-9636A4B4033B}"
EndProject
Global
	GlobalSection(SolutionConfigurationPlatforms) = preSolution
		Debug|Any CPU = Debug|Any CPU
		Release|Any CPU = Release|Any CPU
	EndGlobalSection
	GlobalSection(ProjectConfigurationPlatforms) = postSolution
		{932548D5-B241-4E43-9F87-D2A745CF0DFA}.Debug|Any CPU.ActiveCfg = Debug|Any CPU
		{932548D5-B241-4E43-9F87-D2A745CF0DFA}.Debug|Any CPU.Build.0 = Debug|Any CPU
		{932548D5-B241-4E43-9F87-D2A745CF0DFA}.Release|Any CPU.ActiveCfg = Release|Any CPU
		{932548D5-B241-4E43-9F87-D2A745CF0DFA}.Release|Any CPU.Build.0 = Release|Any CPU
		{F7984C6F-EA9D-4F5E-BDF3-9636A4B4033B}.Debug|Any CPU.ActiveCfg = Debug|Any CPU
		{F7984C6F-EA9D-4F5E-BDF3-9636A4B4033B}.Debug|Any CPU.Build.0 = Debug|Any CPU
		{F7984C6F-EA9D-4F5E-BDF3-9636A4B4033B}.Release|Any CPU.ActiveCfg = Release|Any CPU
		{F7984C6F-EA9D-4F5E-BDF3-9636A4B4033B}.Release|Any CPU.Build.0 = Release|Any CPU
	EndGlobalSection
	GlobalSection(SolutionProperties) = preSolution
		HideSolutionNode = FALSE
	EndGlobalSection
	GlobalSection(ExtensibilityGlobals) = postSolution
		SolutionGuid = {A514F85C-85D1-4616-A1EB-DB32A35CA8EB}
	EndGlobalSection
EndGlobal
